
Microsoft Visual Studio Solution File, Format Version 12.00
# Visual Studio Version 17
VisualStudioVersion = 17.2.32630.192
MinimumVisualStudioVersion = 10.0.40219.1
Project("{FAE04EC0-301F-11D3-BF4B-00C04F79EFBC}") = "stop watch", "stop watch\stop watch.csproj", "{B6CB8B53-C101-4491-9921-1FD3A3FCCB73}"
EndProject
Global
	GlobalSection(SolutionConfigurationPlatforms) = preSolution
		Debug|Any CPU = Debug|Any CPU
		Release|Any CPU = Release|Any CPU
	EndGlobalSection
	GlobalSection(ProjectConfigurationPlatforms) = postSolution
		{B6CB8B53-C101-4491-9921-1FD3A3FCCB73}.Debug|Any CPU.ActiveCfg = Debug|Any CPU
		{B6CB8B53-C101-4491-9921-1FD3A3FCCB73}.Debug|Any CPU.Build.0 = Debug|Any CPU
		{B6CB8B53-C101-4491-9921-1FD3A3FCCB73}.Release|Any CPU.ActiveCfg = Release|Any CPU
		{B6CB8B53-C101-4491-9921-1FD3A3FCCB73}.Release|Any CPU.Build.0 = Release|Any CPU
	EndGlobalSection
	GlobalSection(SolutionProperties) = preSolution
		HideSolutionNode = FALSE
	EndGlobalSection
	GlobalSection(ExtensibilityGlobals) = postSolution
		SolutionGuid = {5365A2AE-D350-49B5-BB41-75DEB593E3A8}
	EndGlobalSection
EndGlobal
